
Microsoft Visual Studio Solution File, Format Version 11.00
# Visual Studio 2010
Project("{FAE04EC0-301F-11D3-BF4B-00C04F79EFBC}") = "TacosControl", "TacosControl.csproj", "{7B57D8E1-B6C6-4D5F-B434-F16BDA339754}"
EndProject
Project("{54435603-DBB4-11D2-8724-00A0C9A8B90C}") = "Tacos Control Installer", "..\Tacos Control Installer\Tacos Control Installer.vdproj", "{2F91E1AE-07FA-45DB-BC03-1E920E2C492C}"
EndProject
Global
	GlobalSection(SolutionConfigurationPlatforms) = preSolution
		Debug|x86 = Debug|x86
		Release|x86 = Release|x86
	EndGlobalSection
	GlobalSection(ProjectConfigurationPlatforms) = postSolution
		{7B57D8E1-B6C6-4D5F-B434-F16BDA339754}.Debug|x86.ActiveCfg = Debug|x86
		{7B57D8E1-B6C6-4D5F-B434-F16BDA339754}.Debug|x86.Build.0 = Debug|x86
		{7B57D8E1-B6C6-4D5F-B434-F16BDA339754}.Release|x86.ActiveCfg = Release|x86
		{7B57D8E1-B6C6-4D5F-B434-F16BDA339754}.Release|x86.Build.0 = Release|x86
		{2F91E1AE-07FA-45DB-BC03-1E920E2C492C}.Debug|x86.ActiveCfg = Debug
		{2F91E1AE-07FA-45DB-BC03-1E920E2C492C}.Release|x86.ActiveCfg = Release
	EndGlobalSection
	GlobalSection(SolutionProperties) = preSolution
		HideSolutionNode = FALSE
	EndGlobalSection
EndGlobal
